
Microsoft Visual Studio Solution File, Format Version 12.00
# Visual Studio 14
VisualStudioVersion = 14.0.25123.0
MinimumVisualStudioVersion = 10.0.40219.1
Project("{FAE04EC0-301F-11D3-BF4B-00C04F79EFBC}") = "SimpleBlog", "SimpleBlog\SimpleBlog.csproj", "{B5372429-3CE6-4C5B-A2D2-E60F716D1502}"
EndProject
Project("{FAE04EC0-301F-11D3-BF4B-00C04F79EFBC}") = "SimpleBlog.Tests", "SimpleBlog.Tests\SimpleBlog.Tests.csproj", "{3E3102FB-968F-461E-9AC6-B72FE556E496}"
EndProject
Project("{FAE04EC0-301F-11D3-BF4B-00C04F79EFBC}") = "SimpleBlog.Core", "SimpleBlog.Core\SimpleBlog.Core.csproj", "{B55135EC-E881-4189-A6A2-0729F48D35EF}"
EndProject
Global
	GlobalSection(SolutionConfigurationPlatforms) = preSolution
		Debug|Any CPU = Debug|Any CPU
		Release|Any CPU = Release|Any CPU
	EndGlobalSection
	GlobalSection(ProjectConfigurationPlatforms) = postSolution
		{B5372429-3CE6-4C5B-A2D2-E60F716D1502}.Debug|Any CPU.ActiveCfg = Debug|Any CPU
		{B5372429-3CE6-4C5B-A2D2-E60F716D1502}.Debug|Any CPU.Build.0 = Debug|Any CPU
		{B5372429-3CE6-4C5B-A2D2-E60F716D1502}.Release|Any CPU.ActiveCfg = Release|Any CPU
		{B5372429-3CE6-4C5B-A2D2-E60F716D1502}.Release|Any CPU.Build.0 = Release|Any CPU
		{3E3102FB-968F-461E-9AC6-B72FE556E496}.Debug|Any CPU.ActiveCfg = Debug|Any CPU
		{3E3102FB-968F-461E-9AC6-B72FE556E496}.Debug|Any CPU.Build.0 = Debug|Any CPU
		{3E3102FB-968F-461E-9AC6-B72FE556E496}.Release|Any CPU.ActiveCfg = Release|Any CPU
		{3E3102FB-968F-461E-9AC6-B72FE556E496}.Release|Any CPU.Build.0 = Release|Any CPU
		{B55135EC-E881-4189-A6A2-0729F48D35EF}.Debug|Any CPU.ActiveCfg = Debug|Any CPU
		{B55135EC-E881-4189-A6A2-0729F48D35EF}.Debug|Any CPU.Build.0 = Debug|Any CPU
		{B55135EC-E881-4189-A6A2-0729F48D35EF}.Release|Any CPU.ActiveCfg = Release|Any CPU
		{B55135EC-E881-4189-A6A2-0729F48D35EF}.Release|Any CPU.Build.0 = Release|Any CPU
	EndGlobalSection
	GlobalSection(SolutionProperties) = preSolution
		HideSolutionNode = FALSE
	EndGlobalSection
EndGlobal
